// !$*UTF8*$!
{
	archiveVersion = 1;
	classes = {
	};
	objectVersion = 55;
	objects = {

/* Begin PBXBuildFile section */
		66310D532887E3FF00455D2F /* TweetProjectApp.swift in Sources */ = {isa = PBXBuildFile; fileRef = 66310D522887E3FF00455D2F /* TweetProjectApp.swift */; };
		66310D552887E3FF00455D2F /* ContentView.swift in Sources */ = {isa = PBXBuildFile; fileRef = 66310D542887E3FF00455D2F /* ContentView.swift */; };
		66310D572887E40500455D2F /* Assets.xcassets in Resources */ = {isa = PBXBuildFile; fileRef = 66310D562887E40500455D2F /* Assets.xcassets */; };
		66310D5A2887E40500455D2F /* Preview Assets.xcassets in Resources */ = {isa = PBXBuildFile; fileRef = 66310D592887E40500455D2F /* Preview Assets.xcassets */; };
		66310D622887E42900455D2F /* ImagePicker.swift in Sources */ = {isa = PBXBuildFile; fileRef = 66310D612887E42900455D2F /* ImagePicker.swift */; };
		66310D662887E47A00455D2F /* User.swift in Sources */ = {isa = PBXBuildFile; fileRef = 66310D652887E47A00455D2F /* User.swift */; };
		66310D682887E49A00455D2F /* Tweet.swift in Sources */ = {isa = PBXBuildFile; fileRef = 66310D672887E49A00455D2F /* Tweet.swift */; };
		66310D6C28885FC800455D2F /* ImageUploader.swift in Sources */ = {isa = PBXBuildFile; fileRef = 66310D6B28885FC700455D2F /* ImageUploader.swift */; };
		66310D6E2888600000455D2F /* UserService.swift in Sources */ = {isa = PBXBuildFile; fileRef = 66310D6D2888600000455D2F /* UserService.swift */; };
		66310D702888609F00455D2F /* TweetService.swift in Sources */ = {isa = PBXBuildFile; fileRef = 66310D6F2888609F00455D2F /* TweetService.swift */; };
		66310D75288860F400455D2F /* FeedView.swift in Sources */ = {isa = PBXBuildFile; fileRef = 66310D74288860F400455D2F /* FeedView.swift */; };
		66310D772888611D00455D2F /* FeedViewModel.swift in Sources */ = {isa = PBXBuildFile; fileRef = 66310D762888611D00455D2F /* FeedViewModel.swift */; };
		66310D7A2888617B00455D2F /* MainTabView.swift in Sources */ = {isa = PBXBuildFile; fileRef = 66310D792888617B00455D2F /* MainTabView.swift */; };
		66310D7F288870C400455D2F /* ExploreView.swift in Sources */ = {isa = PBXBuildFile; fileRef = 66310D7E288870C400455D2F /* ExploreView.swift */; };
		66310D81288870DA00455D2F /* ExploreViewModel.swift in Sources */ = {isa = PBXBuildFile; fileRef = 66310D80288870DA00455D2F /* ExploreViewModel.swift */; };
		66310D842888714500455D2F /* NotificationsView.swift in Sources */ = {isa = PBXBuildFile; fileRef = 66310D832888714500455D2F /* NotificationsView.swift */; };
		66310D872888731F00455D2F /* MessagesView.swift in Sources */ = {isa = PBXBuildFile; fileRef = 66310D862888731F00455D2F /* MessagesView.swift */; };
/* End PBXBuildFile section */

/* Begin PBXFileReference section */
		66310D4F2887E3FF00455D2F /* TweetProject.app */ = {isa = PBXFileReference; explicitFileType = wrapper.application; includeInIndex = 0; path = TweetProject.app; sourceTree = BUILT_PRODUCTS_DIR; };
		66310D522887E3FF00455D2F /* TweetProjectApp.swift */ = {isa = PBXFileReference; lastKnownFileType = sourcecode.swift; path = TweetProjectApp.swift; sourceTree = "<group>"; };
		66310D542887E3FF00455D2F /* ContentView.swift */ = {isa = PBXFileReference; lastKnownFileType = sourcecode.swift; path = ContentView.swift; sourceTree = "<group>"; };
		66310D562887E40500455D2F /* Assets.xcassets */ = {isa = PBXFileReference; lastKnownFileType = folder.assetcatalog; path = Assets.xcassets; sourceTree = "<group>"; };
		66310D592887E40500455D2F /* Preview Assets.xcassets */ = {isa = PBXFileReference; lastKnownFileType = folder.assetcatalog; path = "Preview Assets.xcassets"; sourceTree = "<group>"; };
		66310D612887E42900455D2F /* ImagePicker.swift */ = {isa = PBXFileReference; lastKnownFileType = sourcecode.swift; path = ImagePicker.swift; sourceTree = "<group>"; };
		66310D652887E47A00455D2F /* User.swift */ = {isa = PBXFileReference; lastKnownFileType = sourcecode.swift; path = User.swift; sourceTree = "<group>"; };
		66310D672887E49A00455D2F /* Tweet.swift */ = {isa = PBXFileReference; lastKnownFileType = sourcecode.swift; path = Tweet.swift; sourceTree = "<group>"; };
		66310D6B28885FC700455D2F /* ImageUploader.swift */ = {isa = PBXFileReference; lastKnownFileType = sourcecode.swift; path = ImageUploader.swift; sourceTree = "<group>"; };
		66310D6D2888600000455D2F /* UserService.swift */ = {isa = PBXFileReference; lastKnownFileType = sourcecode.swift; path = UserService.swift; sourceTree = "<group>"; };
		66310D6F2888609F00455D2F /* TweetService.swift */ = {isa = PBXFileReference; lastKnownFileType = sourcecode.swift; path = TweetService.swift; sourceTree = "<group>"; };
		66310D74288860F400455D2F /* FeedView.swift */ = {isa = PBXFileReference; lastKnownFileType = sourcecode.swift; path = FeedView.swift; sourceTree = "<group>"; };
		66310D762888611D00455D2F /* FeedViewModel.swift */ = {isa = PBXFileReference; lastKnownFileType = sourcecode.swift; path = FeedViewModel.swift; sourceTree = "<group>"; };
		66310D792888617B00455D2F /* MainTabView.swift */ = {isa = PBXFileReference; lastKnownFileType = sourcecode.swift; path = MainTabView.swift; sourceTree = "<group>"; };
		66310D7E288870C400455D2F /* ExploreView.swift */ = {isa = PBXFileReference; lastKnownFileType = sourcecode.swift; path = ExploreView.swift; sourceTree = "<group>"; };
		66310D80288870DA00455D2F /* ExploreViewModel.swift */ = {isa = PBXFileReference; lastKnownFileType = sourcecode.swift; path = ExploreViewModel.swift; sourceTree = "<group>"; };
		66310D832888714500455D2F /* NotificationsView.swift */ = {isa = PBXFileReference; lastKnownFileType = sourcecode.swift; path = NotificationsView.swift; sourceTree = "<group>"; };
		66310D862888731F00455D2F /* MessagesView.swift */ = {isa = PBXFileReference; lastKnownFileType = sourcecode.swift; path = MessagesView.swift; sourceTree = "<group>"; };
/* End PBXFileReference section */

/* Begin PBXFrameworksBuildPhase section */
		66310D4C2887E3FF00455D2F /* Frameworks */ = {
			isa = PBXFrameworksBuildPhase;
			buildActionMask = 2147483647;
			files = (
			);
			runOnlyForDeploymentPostprocessing = 0;
		};
/* End PBXFrameworksBuildPhase section */

/* Begin PBXGroup section */
		66310D462887E3FE00455D2F = {
			isa = PBXGroup;
			children = (
				66310D512887E3FF00455D2F /* TweetProject */,
				66310D502887E3FF00455D2F /* Products */,
			);
			sourceTree = "<group>";
		};
		66310D502887E3FF00455D2F /* Products */ = {
			isa = PBXGroup;
			children = (
				66310D4F2887E3FF00455D2F /* TweetProject.app */,
			);
			name = Products;
			sourceTree = "<group>";
		};
		66310D512887E3FF00455D2F /* TweetProject */ = {
			isa = PBXGroup;
			children = (
				66310D6A28885F9500455D2F /* Service */,
				66310D6928885F8400455D2F /* Core */,
				66310D602887E41900455D2F /* Utils */,
				66310D642887E46400455D2F /* Model */,
				66310D522887E3FF00455D2F /* TweetProjectApp.swift */,
				66310D542887E3FF00455D2F /* ContentView.swift */,
				66310D562887E40500455D2F /* Assets.xcassets */,
				66310D582887E40500455D2F /* Preview Content */,
			);
			path = TweetProject;
			sourceTree = "<group>";
		};
		66310D582887E40500455D2F /* Preview Content */ = {
			isa = PBXGroup;
			children = (
				66310D592887E40500455D2F /* Preview Assets.xcassets */,
			);
			path = "Preview Content";
			sourceTree = "<group>";
		};
		66310D602887E41900455D2F /* Utils */ = {
			isa = PBXGroup;
			children = (
				66310D612887E42900455D2F /* ImagePicker.swift */,
			);
			path = Utils;
			sourceTree = "<group>";
		};
		66310D642887E46400455D2F /* Model */ = {
			isa = PBXGroup;
			children = (
				66310D652887E47A00455D2F /* User.swift */,
				66310D672887E49A00455D2F /* Tweet.swift */,
			);
			path = Model;
			sourceTree = "<group>";
		};
		66310D6928885F8400455D2F /* Core */ = {
			isa = PBXGroup;
			children = (
				66310D852888730C00455D2F /* Messages */,
				66310D822888713200455D2F /* Notifications */,
				66310D7B2888708400455D2F /* Explore */,
				66310D782888615400455D2F /* MainTab */,
				66310D71288860BF00455D2F /* Feed */,
			);
			path = Core;
			sourceTree = "<group>";
		};
		66310D6A28885F9500455D2F /* Service */ = {
			isa = PBXGroup;
			children = (
				66310D6B28885FC700455D2F /* ImageUploader.swift */,
				66310D6D2888600000455D2F /* UserService.swift */,
				66310D6F2888609F00455D2F /* TweetService.swift */,
			);
			path = Service;
			sourceTree = "<group>";
		};
		66310D71288860BF00455D2F /* Feed */ = {
			isa = PBXGroup;
			children = (
				66310D73288860D000455D2F /* ViewModel */,
				66310D72288860C900455D2F /* View */,
			);
			path = Feed;
			sourceTree = "<group>";
		};
		66310D72288860C900455D2F /* View */ = {
			isa = PBXGroup;
			children = (
				66310D74288860F400455D2F /* FeedView.swift */,
			);
			path = View;
			sourceTree = "<group>";
		};
		66310D73288860D000455D2F /* ViewModel */ = {
			isa = PBXGroup;
			children = (
				66310D762888611D00455D2F /* FeedViewModel.swift */,
			);
			path = ViewModel;
			sourceTree = "<group>";
		};
		66310D782888615400455D2F /* MainTab */ = {
			isa = PBXGroup;
			children = (
				66310D792888617B00455D2F /* MainTabView.swift */,
			);
			path = MainTab;
			sourceTree = "<group>";
		};
		66310D7B2888708400455D2F /* Explore */ = {
			isa = PBXGroup;
			children = (
				66310D7D2888709800455D2F /* ViewModels */,
				66310D7C2888708F00455D2F /* Views */,
			);
			path = Explore;
			sourceTree = "<group>";
		};
		66310D7C2888708F00455D2F /* Views */ = {
			isa = PBXGroup;
			children = (
				66310D7E288870C400455D2F /* ExploreView.swift */,
			);
			path = Views;
			sourceTree = "<group>";
		};
		66310D7D2888709800455D2F /* ViewModels */ = {
			isa = PBXGroup;
			children = (
				66310D80288870DA00455D2F /* ExploreViewModel.swift */,
			);
			path = ViewModels;
			sourceTree = "<group>";
		};
		66310D822888713200455D2F /* Notifications */ = {
			isa = PBXGroup;
			children = (
				66310D832888714500455D2F /* NotificationsView.swift */,
			);
			path = Notifications;
			sourceTree = "<group>";
		};
		66310D852888730C00455D2F /* Messages */ = {
			isa = PBXGroup;
			children = (
				66310D862888731F00455D2F /* MessagesView.swift */,
			);
			path = Messages;
			sourceTree = "<group>";
		};
/* End PBXGroup section */

/* Begin PBXNativeTarget section */
		66310D4E2887E3FF00455D2F /* TweetProject */ = {
			isa = PBXNativeTarget;
			buildConfigurationList = 66310D5D2887E40500455D2F /* Build configuration list for PBXNativeTarget "TweetProject" */;
			buildPhases = (
				66310D4B2887E3FF00455D2F /* Sources */,
				66310D4C2887E3FF00455D2F /* Frameworks */,
				66310D4D2887E3FF00455D2F /* Resources */,
			);
			buildRules = (
			);
			dependencies = (
			);
			name = TweetProject;
			productName = TweetProject;
			productReference = 66310D4F2887E3FF00455D2F /* TweetProject.app */;
			productType = "com.apple.product-type.application";
		};
/* End PBXNativeTarget section */

/* Begin PBXProject section */
		66310D472887E3FE00455D2F /* Project object */ = {
			isa = PBXProject;
			attributes = {
				BuildIndependentTargetsInParallel = 1;
				LastSwiftUpdateCheck = 1340;
				LastUpgradeCheck = 1340;
				TargetAttributes = {
					66310D4E2887E3FF00455D2F = {
						CreatedOnToolsVersion = 13.4.1;
					};
				};
			};
			buildConfigurationList = 66310D4A2887E3FE00455D2F /* Build configuration list for PBXProject "TweetProject" */;
			compatibilityVersion = "Xcode 13.0";
			developmentRegion = en;
			hasScannedForEncodings = 0;
			knownRegions = (
				en,
				Base,
			);
			mainGroup = 66310D462887E3FE00455D2F;
			productRefGroup = 66310D502887E3FF00455D2F /* Products */;
			projectDirPath = "";
			projectRoot = "";
			targets = (
				66310D4E2887E3FF00455D2F /* TweetProject */,
			);
		};
/* End PBXProject section */

/* Begin PBXResourcesBuildPhase section */
		66310D4D2887E3FF00455D2F /* Resources */ = {
			isa = PBXResourcesBuildPhase;
			buildActionMask = 2147483647;
			files = (
				66310D5A2887E40500455D2F /* Preview Assets.xcassets in Resources */,
				66310D572887E40500455D2F /* Assets.xcassets in Resources */,
			);
			runOnlyForDeploymentPostprocessing = 0;
		};
/* End PBXResourcesBuildPhase section */

/* Begin PBXSourcesBuildPhase section */
		66310D4B2887E3FF00455D2F /* Sources */ = {
			isa = PBXSourcesBuildPhase;
			buildActionMask = 2147483647;
			files = (
				66310D772888611D00455D2F /* FeedViewModel.swift in Sources */,
				66310D6E2888600000455D2F /* UserService.swift in Sources */,
				66310D75288860F400455D2F /* FeedView.swift in Sources */,
				66310D6C28885FC800455D2F /* ImageUploader.swift in Sources */,
				66310D662887E47A00455D2F /* User.swift in Sources */,
				66310D872888731F00455D2F /* MessagesView.swift in Sources */,
				66310D7A2888617B00455D2F /* MainTabView.swift in Sources */,
				66310D682887E49A00455D2F /* Tweet.swift in Sources */,
				66310D622887E42900455D2F /* ImagePicker.swift in Sources */,
				66310D81288870DA00455D2F /* ExploreViewModel.swift in Sources */,
				66310D552887E3FF00455D2F /* ContentView.swift in Sources */,
				66310D532887E3FF00455D2F /* TweetProjectApp.swift in Sources */,
				66310D7F288870C400455D2F /* ExploreView.swift in Sources */,
				66310D702888609F00455D2F /* TweetService.swift in Sources */,
				66310D842888714500455D2F /* NotificationsView.swift in Sources */,
			);
			runOnlyForDeploymentPostprocessing = 0;
		};
/* End PBXSourcesBuildPhase section */

/* Begin XCBuildConfiguration section */
		66310D5B2887E40500455D2F /* Debug */ = {
			isa = XCBuildConfiguration;
			buildSettings = {
				ALWAYS_SEARCH_USER_PATHS = NO;
				CLANG_ANALYZER_NONNULL = YES;
				CLANG_ANALYZER_NUMBER_OBJECT_CONVERSION = YES_AGGRESSIVE;
				CLANG_CXX_LANGUAGE_STANDARD = "gnu++17";
				CLANG_ENABLE_MODULES = YES;
				CLANG_ENABLE_OBJC_ARC = YES;
				CLANG_ENABLE_OBJC_WEAK = YES;
				CLANG_WARN_BLOCK_CAPTURE_AUTORELEASING = YES;
				CLANG_WARN_BOOL_CONVERSION = YES;
				CLANG_WARN_COMMA = YES;
				CLANG_WARN_CONSTANT_CONVERSION = YES;
				CLANG_WARN_DEPRECATED_OBJC_IMPLEMENTATIONS = YES;
				CLANG_WARN_DIRECT_OBJC_ISA_USAGE = YES_ERROR;
				CLANG_WARN_DOCUMENTATION_COMMENTS = YES;
				CLANG_WARN_EMPTY_BODY = YES;
				CLANG_WARN_ENUM_CONVERSION = YES;
				CLANG_WARN_INFINITE_RECURSION = YES;
				CLANG_WARN_INT_CONVERSION = YES;
				CLANG_WARN_NON_LITERAL_NULL_CONVERSION = YES;
				CLANG_WARN_OBJC_IMPLICIT_RETAIN_SELF = YES;
				CLANG_WARN_OBJC_LITERAL_CONVERSION = YES;
				CLANG_WARN_OBJC_ROOT_CLASS = YES_ERROR;
				CLANG_WARN_QUOTED_INCLUDE_IN_FRAMEWORK_HEADER = YES;
				CLANG_WARN_RANGE_LOOP_ANALYSIS = YES;
				CLANG_WARN_STRICT_PROTOTYPES = YES;
				CLANG_WARN_SUSPICIOUS_MOVE = YES;
				CLANG_WARN_UNGUARDED_AVAILABILITY = YES_AGGRESSIVE;
				CLANG_WARN_UNREACHABLE_CODE = YES;
				CLANG_WARN__DUPLICATE_METHOD_MATCH = YES;
				COPY_PHASE_STRIP = NO;
				DEBUG_INFORMATION_FORMAT = dwarf;
				ENABLE_STRICT_OBJC_MSGSEND = YES;
				ENABLE_TESTABILITY = YES;
				GCC_C_LANGUAGE_STANDARD = gnu11;
				GCC_DYNAMIC_NO_PIC = NO;
				GCC_NO_COMMON_BLOCKS = YES;
				GCC_OPTIMIZATION_LEVEL = 0;
				GCC_PREPROCESSOR_DEFINITIONS = (
					"DEBUG=1",
					"$(inherited)",
				);
				GCC_WARN_64_TO_32_BIT_CONVERSION = YES;
				GCC_WARN_ABOUT_RETURN_TYPE = YES_ERROR;
				GCC_WARN_UNDECLARED_SELECTOR = YES;
				GCC_WARN_UNINITIALIZED_AUTOS = YES_AGGRESSIVE;
				GCC_WARN_UNUSED_FUNCTION = YES;
				GCC_WARN_UNUSED_VARIABLE = YES;
				IPHONEOS_DEPLOYMENT_TARGET = 15.5;
				MTL_ENABLE_DEBUG_INFO = INCLUDE_SOURCE;
				MTL_FAST_MATH = YES;
				ONLY_ACTIVE_ARCH = YES;
				SDKROOT = iphoneos;
				SWIFT_ACTIVE_COMPILATION_CONDITIONS = DEBUG;
				SWIFT_OPTIMIZATION_LEVEL = "-Onone";
			};
			name = Debug;
		};
		66310D5C2887E40500455D2F /* Release */ = {
			isa = XCBuildConfiguration;
			buildSettings = {
				ALWAYS_SEARCH_USER_PATHS = NO;
				CLANG_ANALYZER_NONNULL = YES;
				CLANG_ANALYZER_NUMBER_OBJECT_CONVERSION = YES_AGGRESSIVE;
				CLANG_CXX_LANGUAGE_STANDARD = "gnu++17";
				CLANG_ENABLE_MODULES = YES;
				CLANG_ENABLE_OBJC_ARC = YES;
				CLANG_ENABLE_OBJC_WEAK = YES;
				CLANG_WARN_BLOCK_CAPTURE_AUTORELEASING = YES;
				CLANG_WARN_BOOL_CONVERSION = YES;
				CLANG_WARN_COMMA = YES;
				CLANG_WARN_CONSTANT_CONVERSION = YES;
				CLANG_WARN_DEPRECATED_OBJC_IMPLEMENTATIONS = YES;
				CLANG_WARN_DIRECT_OBJC_ISA_USAGE = YES_ERROR;
				CLANG_WARN_DOCUMENTATION_COMMENTS = YES;
				CLANG_WARN_EMPTY_BODY = YES;
				CLANG_WARN_ENUM_CONVERSION = YES;
				CLANG_WARN_INFINITE_RECURSION = YES;
				CLANG_WARN_INT_CONVERSION = YES;
				CLANG_WARN_NON_LITERAL_NULL_CONVERSION = YES;
				CLANG_WARN_OBJC_IMPLICIT_RETAIN_SELF = YES;
				CLANG_WARN_OBJC_LITERAL_CONVERSION = YES;
				CLANG_WARN_OBJC_ROOT_CLASS = YES_ERROR;
				CLANG_WARN_QUOTED_INCLUDE_IN_FRAMEWORK_HEADER = YES;
				CLANG_WARN_RANGE_LOOP_ANALYSIS = YES;
				CLANG_WARN_STRICT_PROTOTYPES = YES;
				CLANG_WARN_SUSPICIOUS_MOVE = YES;
				CLANG_WARN_UNGUARDED_AVAILABILITY = YES_AGGRESSIVE;
				CLANG_WARN_UNREACHABLE_CODE = YES;
				CLANG_WARN__DUPLICATE_METHOD_MATCH = YES;
				COPY_PHASE_STRIP = NO;
				DEBUG_INFORMATION_FORMAT = "dwarf-with-dsym";
				ENABLE_NS_ASSERTIONS = NO;
				ENABLE_STRICT_OBJC_MSGSEND = YES;
				GCC_C_LANGUAGE_STANDARD = gnu11;
				GCC_NO_COMMON_BLOCKS = YES;
				GCC_WARN_64_TO_32_BIT_CONVERSION = YES;
				GCC_WARN_ABOUT_RETURN_TYPE = YES_ERROR;
				GCC_WARN_UNDECLARED_SELECTOR = YES;
				GCC_WARN_UNINITIALIZED_AUTOS = YES_AGGRESSIVE;
				GCC_WARN_UNUSED_FUNCTION = YES;
				GCC_WARN_UNUSED_VARIABLE = YES;
				IPHONEOS_DEPLOYMENT_TARGET = 15.5;
				MTL_ENABLE_DEBUG_INFO = NO;
				MTL_FAST_MATH = YES;
				SDKROOT = iphoneos;
				SWIFT_COMPILATION_MODE = wholemodule;
				SWIFT_OPTIMIZATION_LEVEL = "-O";
				VALIDATE_PRODUCT = YES;
			};
			name = Release;
		};
		66310D5E2887E40500455D2F /* Debug */ = {
			isa = XCBuildConfiguration;
			buildSettings = {
				ASSETCATALOG_COMPILER_APPICON_NAME = AppIcon;
				ASSETCATALOG_COMPILER_GLOBAL_ACCENT_COLOR_NAME = AccentColor;
				CODE_SIGN_STYLE = Automatic;
				CURRENT_PROJECT_VERSION = 1;
				DEVELOPMENT_ASSET_PATHS = "\"TweetProject/Preview Content\"";
				DEVELOPMENT_TEAM = 3PX6J6VL32;
				ENABLE_PREVIEWS = YES;
				GENERATE_INFOPLIST_FILE = YES;
				INFOPLIST_KEY_UIApplicationSceneManifest_Generation = YES;
				INFOPLIST_KEY_UIApplicationSupportsIndirectInputEvents = YES;
				INFOPLIST_KEY_UILaunchScreen_Generation = YES;
				INFOPLIST_KEY_UISupportedInterfaceOrientations_iPad = "UIInterfaceOrientationPortrait UIInterfaceOrientationPortraitUpsideDown UIInterfaceOrientationLandscapeLeft UIInterfaceOrientationLandscapeRight";
				INFOPLIST_KEY_UISupportedInterfaceOrientations_iPhone = "UIInterfaceOrientationPortrait UIInterfaceOrientationLandscapeLeft UIInterfaceOrientationLandscapeRight";
				LD_RUNPATH_SEARCH_PATHS = (
					"$(inherited)",
					"@executable_path/Frameworks",
				);
				MARKETING_VERSION = 1.0;
				PRODUCT_BUNDLE_IDENTIFIER = com.januszewski.TweetProject;
				PRODUCT_NAME = "$(TARGET_NAME)";
				SWIFT_EMIT_LOC_STRINGS = YES;
				SWIFT_VERSION = 5.0;
				TARGETED_DEVICE_FAMILY = "1,2";
			};
			name = Debug;
		};
		66310D5F2887E40500455D2F /* Release */ = {
			isa = XCBuildConfiguration;
			buildSettings = {
				ASSETCATALOG_COMPILER_APPICON_NAME = AppIcon;
				ASSETCATALOG_COMPILER_GLOBAL_ACCENT_COLOR_NAME = AccentColor;
				CODE_SIGN_STYLE = Automatic;
				CURRENT_PROJECT_VERSION = 1;
				DEVELOPMENT_ASSET_PATHS = "\"TweetProject/Preview Content\"";
				DEVELOPMENT_TEAM = 3PX6J6VL32;
				ENABLE_PREVIEWS = YES;
				GENERATE_INFOPLIST_FILE = YES;
				INFOPLIST_KEY_UIApplicationSceneManifest_Generation = YES;
				INFOPLIST_KEY_UIApplicationSupportsIndirectInputEvents = YES;
				INFOPLIST_KEY_UILaunchScreen_Generation = YES;
				INFOPLIST_KEY_UISupportedInterfaceOrientations_iPad = "UIInterfaceOrientationPortrait UIInterfaceOrientationPortraitUpsideDown UIInterfaceOrientationLandscapeLeft UIInterfaceOrientationLandscapeRight";
				INFOPLIST_KEY_UISupportedInterfaceOrientations_iPhone = "UIInterfaceOrientationPortrait UIInterfaceOrientationLandscapeLeft UIInterfaceOrientationLandscapeRight";
				LD_RUNPATH_SEARCH_PATHS = (
					"$(inherited)",
					"@executable_path/Frameworks",
				);
				MARKETING_VERSION = 1.0;
				PRODUCT_BUNDLE_IDENTIFIER = com.januszewski.TweetProject;
				PRODUCT_NAME = "$(TARGET_NAME)";
				SWIFT_EMIT_LOC_STRINGS = YES;
				SWIFT_VERSION = 5.0;
				TARGETED_DEVICE_FAMILY = "1,2";
			};
			name = Release;
		};
/* End XCBuildConfiguration section */

/* Begin XCConfigurationList section */
		66310D4A2887E3FE00455D2F /* Build configuration list for PBXProject "TweetProject" */ = {
			isa = XCConfigurationList;
			buildConfigurations = (
				66310D5B2887E40500455D2F /* Debug */,
				66310D5C2887E40500455D2F /* Release */,
			);
			defaultConfigurationIsVisible = 0;
			defaultConfigurationName = Release;
		};
		66310D5D2887E40500455D2F /* Build configuration list for PBXNativeTarget "TweetProject" */ = {
			isa = XCConfigurationList;
			buildConfigurations = (
				66310D5E2887E40500455D2F /* Debug */,
				66310D5F2887E40500455D2F /* Release */,
			);
			defaultConfigurationIsVisible = 0;
			defaultConfigurationName = Release;
		};
/* End XCConfigurationList section */
	};
	rootObject = 66310D472887E3FE00455D2F /* Project object */;
}
